
Microsoft Visual Studio Solution File, Format Version 12.00
Project("{FAE04EC0-301F-11D3-BF4B-00C04F79EFBC}") = "RAT.server", "RAT.server.csproj", "{D8C48538-5DE0-4352-B459-142CD99E2D20}"
EndProject
Global
	GlobalSection(SolutionConfigurationPlatforms) = preSolution
		Debug|Any CPU = Debug|Any CPU
		Release|Any CPU = Release|Any CPU
	EndGlobalSection
	GlobalSection(ProjectConfigurationPlatforms) = postSolution
		{D8C48538-5DE0-4352-B459-142CD99E2D20}.Debug|Any CPU.ActiveCfg = Debug|Any CPU
		{D8C48538-5DE0-4352-B459-142CD99E2D20}.Debug|Any CPU.Build.0 = Debug|Any CPU
		{D8C48538-5DE0-4352-B459-142CD99E2D20}.Release|Any CPU.ActiveCfg = Release|Any CPU
		{D8C48538-5DE0-4352-B459-142CD99E2D20}.Release|Any CPU.Build.0 = Release|Any CPU
	EndGlobalSection
EndGlobal
